
Microsoft Visual Studio Solution File, Format Version 12.00
# Visual Studio Version 17
VisualStudioVersion = 17.4.33205.214
MinimumVisualStudioVersion = 10.0.40219.1
Project("{9A19103F-16F7-4668-BE54-9A1E7A4F7556}") = "BusinessObjects", "BusinessObjects\BusinessObjects.csproj", "{BBC41B41-9EB5-4A30-8D57-E45DD2E87B4A}"
EndProject
Project("{9A19103F-16F7-4668-BE54-9A1E7A4F7556}") = "DataAcess", "DataAcess\DataAcess.csproj", "{365783A8-1EE3-4AED-A18C-B8F023638D63}"
EndProject
Project("{9A19103F-16F7-4668-BE54-9A1E7A4F7556}") = "Repositories", "Repositories\Repositories.csproj", "{66CE6BCE-8EDD-4E9D-BA89-6167162660D9}"
EndProject
Project("{9A19103F-16F7-4668-BE54-9A1E7A4F7556}") = "StoreAPI", "StoreAPI\StoreAPI.csproj", "{95E21966-26B8-4627-BCD3-24A197D56921}"
EndProject
Global
	GlobalSection(SolutionConfigurationPlatforms) = preSolution
		Debug|Any CPU = Debug|Any CPU
		Release|Any CPU = Release|Any CPU
	EndGlobalSection
	GlobalSection(ProjectConfigurationPlatforms) = postSolution
		{BBC41B41-9EB5-4A30-8D57-E45DD2E87B4A}.Debug|Any CPU.ActiveCfg = Debug|Any CPU
		{BBC41B41-9EB5-4A30-8D57-E45DD2E87B4A}.Debug|Any CPU.Build.0 = Debug|Any CPU
		{BBC41B41-9EB5-4A30-8D57-E45DD2E87B4A}.Release|Any CPU.ActiveCfg = Release|Any CPU
		{BBC41B41-9EB5-4A30-8D57-E45DD2E87B4A}.Release|Any CPU.Build.0 = Release|Any CPU
		{365783A8-1EE3-4AED-A18C-B8F023638D63}.Debug|Any CPU.ActiveCfg = Debug|Any CPU
		{365783A8-1EE3-4AED-A18C-B8F023638D63}.Debug|Any CPU.Build.0 = Debug|Any CPU
		{365783A8-1EE3-4AED-A18C-B8F023638D63}.Release|Any CPU.ActiveCfg = Release|Any CPU
		{365783A8-1EE3-4AED-A18C-B8F023638D63}.Release|Any CPU.Build.0 = Release|Any CPU
		{66CE6BCE-8EDD-4E9D-BA89-6167162660D9}.Debug|Any CPU.ActiveCfg = Debug|Any CPU
		{66CE6BCE-8EDD-4E9D-BA89-6167162660D9}.Debug|Any CPU.Build.0 = Debug|Any CPU
		{66CE6BCE-8EDD-4E9D-BA89-6167162660D9}.Release|Any CPU.ActiveCfg = Release|Any CPU
		{66CE6BCE-8EDD-4E9D-BA89-6167162660D9}.Release|Any CPU.Build.0 = Release|Any CPU
		{95E21966-26B8-4627-BCD3-24A197D56921}.Debug|Any CPU.ActiveCfg = Debug|Any CPU
		{95E21966-26B8-4627-BCD3-24A197D56921}.Debug|Any CPU.Build.0 = Debug|Any CPU
		{95E21966-26B8-4627-BCD3-24A197D56921}.Release|Any CPU.ActiveCfg = Release|Any CPU
		{95E21966-26B8-4627-BCD3-24A197D56921}.Release|Any CPU.Build.0 = Release|Any CPU
	EndGlobalSection
	GlobalSection(SolutionProperties) = preSolution
		HideSolutionNode = FALSE
	EndGlobalSection
	GlobalSection(ExtensibilityGlobals) = postSolution
		SolutionGuid = {99194BE1-5F9D-4A95-8DC6-7D16EC1C2092}
	EndGlobalSection
EndGlobal
